<?xml version="1.0" encoding="utf-8"?>
<Project ToolsVersion="4.0" xmlns="http://schemas.microsoft.com/developer/msbuild/2003">
  <ItemGroup>
    <Filter Include="Исходные файлы">
      <UniqueIdentifier>{4FC737F1-C7A5-4376-A066-2A32D752A2FF}</UniqueIdentifier>
      <Extensions>cpp;c;cc;cxx;c++;cppm;ixx;def;odl;idl;hpj;bat;asm;asmx</Extensions>
    </Filter>
    <Filter Include="Файлы заголовков">
      <UniqueIdentifier>{93995380-89BD-4b04-88EB-625FBE52EBFB}</UniqueIdentifier>
      <Extensions>h;hh;hpp;hxx;h++;hm;inl;inc;ipp;xsd</Extensions>
    </Filter>
    <Filter Include="Файлы ресурсов">
      <UniqueIdentifier>{67DA6AB6-F800-4c08-8B7A-83BB121AAD01}</UniqueIdentifier>
      <Extensions>rc;ico;cur;bmp;dlg;rc2;rct;bin;rgs;gif;jpg;jpeg;jpe;resx;tiff;tif;png;wav;mfcribbon-ms</Extensions>
    </Filter>
    <Filter Include="Исходные файлы\Работа с файлами">
      <UniqueIdentifier>{52e02e3c-46b3-47c0-8bc1-7bcdb8a43a88}</UniqueIdentifier>
    </Filter>
    <Filter Include="Файлы заголовков\Вспомогательные классы">
      <UniqueIdentifier>{18a29ee6-acd7-4dbd-a149-af47be63f7e9}</UniqueIdentifier>
    </Filter>
    <Filter Include="Файлы заголовков\Дерево">
      <UniqueIdentifier>{03e6c095-9bb9-4d41-beba-7f10f01896e3}</UniqueIdentifier>
    </Filter>
    <Filter Include="Файлы заголовков\Работа с файлами">
      <UniqueIdentifier>{7f22a5ab-cd65-43de-a293-c5826469712d}</UniqueIdentifier>
    </Filter>
    <Filter Include="Исходные файлы\Дерево">
      <UniqueIdentifier>{453d4fc3-7064-40f0-920e-3d4ef785cca1}</UniqueIdentifier>
    </Filter>
    <Filter Include="Исходные файлы\Работа с файлами\Вспомогательные классы">
      <UniqueIdentifier>{e83099c5-35d5-4610-b4f5-77d4bed14016}</UniqueIdentifier>
    </Filter>
  </ItemGroup>
  <ItemGroup>
    <ClCompile Include="Pr5.cpp">
      <Filter>Исходные файлы</Filter>
    </ClCompile>
    <ClCompile Include="Tree.cpp">
      <Filter>Исходные файлы\Дерево</Filter>
    </ClCompile>
    <ClCompile Include="BinaryTree.cpp">
      <Filter>Исходные файлы\Дерево</Filter>
    </ClCompile>
    <ClCompile Include="TextFile.cpp">
      <Filter>Исходные файлы\Работа с файлами</Filter>
    </ClCompile>
    <ClCompile Include="BinaryFile.cpp">
      <Filter>Исходные файлы\Работа с файлами</Filter>
    </ClCompile>
    <ClCompile Include="Cursor.cpp">
      <Filter>Исходные файлы\Работа с файлами\Вспомогательные классы</Filter>
    </ClCompile>
    <ClCompile Include="Discipline.cpp">
      <Filter>Исходные файлы\Работа с файлами\Вспомогательные классы</Filter>
    </ClCompile>
    <ClCompile Include="SplayTree.cpp">
      <Filter>Исходные файлы\Дерево</Filter>
    </ClCompile>
    <ClCompile Include="TaskTest.cpp">
      <Filter>Исходные файлы</Filter>
    </ClCompile>
  </ItemGroup>
  <ItemGroup>
    <ClInclude Include="Discipline.h">
      <Filter>Файлы заголовков\Вспомогательные классы</Filter>
    </ClInclude>
    <ClInclude Include="Cursor.h">
      <Filter>Файлы заголовков\Вспомогательные классы</Filter>
    </ClInclude>
    <ClInclude Include="Tree.h">
      <Filter>Файлы заголовков\Дерево</Filter>
    </ClInclude>
    <ClInclude Include="BinaryTree.h">
      <Filter>Файлы заголовков\Дерево</Filter>
    </ClInclude>
    <ClInclude Include="BinaryFile.h">
      <Filter>Файлы заголовков\Работа с файлами</Filter>
    </ClInclude>
    <ClInclude Include="TextFile.h">
      <Filter>Файлы заголовков\Работа с файлами</Filter>
    </ClInclude>
    <ClInclude Include="SplayTree.h">
      <Filter>Файлы заголовков\Дерево</Filter>
    </ClInclude>
    <ClInclude Include="TaskTest.h">
      <Filter>Файлы заголовков</Filter>
    </ClInclude>
  </ItemGroup>
  <ItemGroup>
    <Text Include="Disciplines.txt">
      <Filter>Файлы ресурсов</Filter>
    </Text>
    <Text Include="MainMenu.txt">
      <Filter>Файлы ресурсов</Filter>
    </Text>
    <Text Include="TreeSelectMenu.txt">
      <Filter>Файлы ресурсов</Filter>
    </Text>
  </ItemGroup>
</Project>